
Microsoft Visual Studio Solution File, Format Version 12.00
# Visual Studio Version 17
VisualStudioVersion = 17.3.32929.385
MinimumVisualStudioVersion = 10.0.40219.1
Project("{FAE04EC0-301F-11D3-BF4B-00C04F79EFBC}") = "Basic Calculator", "Basic Calculator.csproj", "{55EA6F57-AD76-465F-8632-AD7836FB5B9D}"
EndProject
Global
	GlobalSection(SolutionConfigurationPlatforms) = preSolution
		Debug|Any CPU = Debug|Any CPU
		Release|Any CPU = Release|Any CPU
	EndGlobalSection
	GlobalSection(ProjectConfigurationPlatforms) = postSolution
		{55EA6F57-AD76-465F-8632-AD7836FB5B9D}.Debug|Any CPU.ActiveCfg = Debug|Any CPU
		{55EA6F57-AD76-465F-8632-AD7836FB5B9D}.Debug|Any CPU.Build.0 = Debug|Any CPU
		{55EA6F57-AD76-465F-8632-AD7836FB5B9D}.Release|Any CPU.ActiveCfg = Release|Any CPU
		{55EA6F57-AD76-465F-8632-AD7836FB5B9D}.Release|Any CPU.Build.0 = Release|Any CPU
	EndGlobalSection
	GlobalSection(SolutionProperties) = preSolution
		HideSolutionNode = FALSE
	EndGlobalSection
	GlobalSection(ExtensibilityGlobals) = postSolution
		SolutionGuid = {ABF63D70-D7FF-493C-B603-682A57B2C092}
	EndGlobalSection
EndGlobal
